
Microsoft Visual Studio Solution File, Format Version 12.00
Project("{FAE04EC0-301F-11D3-BF4B-00C04F79EFBC}") = "Api", "Api\Api.csproj", "{89D6880D-0867-49A1-B9E6-54B259DEBECF}"
EndProject
Project("{FAE04EC0-301F-11D3-BF4B-00C04F79EFBC}") = "Domain", "Domain\Domain.csproj", "{39F0F2C6-1B06-43FF-A9C5-0A1C11523EC6}"
EndProject
Project("{FAE04EC0-301F-11D3-BF4B-00C04F79EFBC}") = "Logic", "Logic\Logic.csproj", "{A1D531DB-FC1F-4214-9F99-ED0D77698712}"
EndProject
Project("{2150E333-8FDC-42A3-9474-1A3956D46DE8}") = "Resources", "Resources", "{1B228775-0877-4B39-9019-9258363ADEEF}"
EndProject
Project("{2150E333-8FDC-42A3-9474-1A3956D46DE8}") = "Databases", "Databases", "{7D60BBD1-D8FA-4DB1-961E-EC09A95C024E}"
	ProjectSection(SolutionItems) = preProject
		Resources\Databases\countries.csv = Resources\Databases\countries.csv
		Resources\Databases\mock.db = Resources\Databases\mock.db
		Resources\Databases\mock.sqbpro = Resources\Databases\mock.sqbpro
		Resources\Databases\returns.db = Resources\Databases\returns.db
	EndProjectSection
EndProject
Project("{2150E333-8FDC-42A3-9474-1A3956D46DE8}") = "Attachments", "Attachments", "{999A2D65-4416-47F4-9BF9-55C7DA5F121E}"
EndProject
Global
	GlobalSection(SolutionConfigurationPlatforms) = preSolution
		Debug|Any CPU = Debug|Any CPU
		Release|Any CPU = Release|Any CPU
	EndGlobalSection
	GlobalSection(ProjectConfigurationPlatforms) = postSolution
		{89D6880D-0867-49A1-B9E6-54B259DEBECF}.Debug|Any CPU.ActiveCfg = Debug|Any CPU
		{89D6880D-0867-49A1-B9E6-54B259DEBECF}.Debug|Any CPU.Build.0 = Debug|Any CPU
		{89D6880D-0867-49A1-B9E6-54B259DEBECF}.Release|Any CPU.ActiveCfg = Release|Any CPU
		{89D6880D-0867-49A1-B9E6-54B259DEBECF}.Release|Any CPU.Build.0 = Release|Any CPU
		{39F0F2C6-1B06-43FF-A9C5-0A1C11523EC6}.Debug|Any CPU.ActiveCfg = Debug|Any CPU
		{39F0F2C6-1B06-43FF-A9C5-0A1C11523EC6}.Debug|Any CPU.Build.0 = Debug|Any CPU
		{39F0F2C6-1B06-43FF-A9C5-0A1C11523EC6}.Release|Any CPU.ActiveCfg = Release|Any CPU
		{39F0F2C6-1B06-43FF-A9C5-0A1C11523EC6}.Release|Any CPU.Build.0 = Release|Any CPU
		{A1D531DB-FC1F-4214-9F99-ED0D77698712}.Debug|Any CPU.ActiveCfg = Debug|Any CPU
		{A1D531DB-FC1F-4214-9F99-ED0D77698712}.Debug|Any CPU.Build.0 = Debug|Any CPU
		{A1D531DB-FC1F-4214-9F99-ED0D77698712}.Release|Any CPU.ActiveCfg = Release|Any CPU
		{A1D531DB-FC1F-4214-9F99-ED0D77698712}.Release|Any CPU.Build.0 = Release|Any CPU
	EndGlobalSection
	GlobalSection(NestedProjects) = preSolution
		{7D60BBD1-D8FA-4DB1-961E-EC09A95C024E} = {1B228775-0877-4B39-9019-9258363ADEEF}
		{999A2D65-4416-47F4-9BF9-55C7DA5F121E} = {1B228775-0877-4B39-9019-9258363ADEEF}
	EndGlobalSection
EndGlobal
